
Microsoft Visual Studio Solution File, Format Version 12.00
# Visual Studio Version 16
VisualStudioVersion = 17.0.31611.283
MinimumVisualStudioVersion = 10.0.40219.1
Project("{9A19103F-16F7-4668-BE54-9A1E7A4F7556}") = "StockMarketSim", "StockMarketSim\StockMarketSim.csproj", "{830A5A1B-24D1-4647-867D-A9629404798C}"
EndProject
Project("{FAE04EC0-301F-11D3-BF4B-00C04F79EFBC}") = "GetStock", "GetStock\GetStock.csproj", "{D74FC51A-68A7-4908-A9D3-CB0FDCD9D7B6}"
EndProject
Project("{FAE04EC0-301F-11D3-BF4B-00C04F79EFBC}") = "Portfolio", "Portfolio\Portfolio.csproj", "{4724B6CD-39E5-41F4-9B1D-A0A38C46CE52}"
EndProject
Project("{FAE04EC0-301F-11D3-BF4B-00C04F79EFBC}") = "PortfolioTest", "PortfolioTest\PortfolioTest.csproj", "{05445BF5-706A-4849-826D-760DF0D01242}"
EndProject
Global
	GlobalSection(SolutionConfigurationPlatforms) = preSolution
		Debug|Any CPU = Debug|Any CPU
		Release|Any CPU = Release|Any CPU
	EndGlobalSection
	GlobalSection(ProjectConfigurationPlatforms) = postSolution
		{830A5A1B-24D1-4647-867D-A9629404798C}.Debug|Any CPU.ActiveCfg = Debug|Any CPU
		{830A5A1B-24D1-4647-867D-A9629404798C}.Debug|Any CPU.Build.0 = Debug|Any CPU
		{830A5A1B-24D1-4647-867D-A9629404798C}.Debug|Any CPU.Deploy.0 = Debug|Any CPU
		{830A5A1B-24D1-4647-867D-A9629404798C}.Release|Any CPU.ActiveCfg = Release|Any CPU
		{830A5A1B-24D1-4647-867D-A9629404798C}.Release|Any CPU.Build.0 = Release|Any CPU
		{830A5A1B-24D1-4647-867D-A9629404798C}.Release|Any CPU.Deploy.0 = Release|Any CPU
		{D74FC51A-68A7-4908-A9D3-CB0FDCD9D7B6}.Debug|Any CPU.ActiveCfg = Debug|Any CPU
		{D74FC51A-68A7-4908-A9D3-CB0FDCD9D7B6}.Debug|Any CPU.Build.0 = Debug|Any CPU
		{D74FC51A-68A7-4908-A9D3-CB0FDCD9D7B6}.Release|Any CPU.ActiveCfg = Release|Any CPU
		{D74FC51A-68A7-4908-A9D3-CB0FDCD9D7B6}.Release|Any CPU.Build.0 = Release|Any CPU
		{4724B6CD-39E5-41F4-9B1D-A0A38C46CE52}.Debug|Any CPU.ActiveCfg = Debug|Any CPU
		{4724B6CD-39E5-41F4-9B1D-A0A38C46CE52}.Debug|Any CPU.Build.0 = Debug|Any CPU
		{4724B6CD-39E5-41F4-9B1D-A0A38C46CE52}.Release|Any CPU.ActiveCfg = Release|Any CPU
		{4724B6CD-39E5-41F4-9B1D-A0A38C46CE52}.Release|Any CPU.Build.0 = Release|Any CPU
		{05445BF5-706A-4849-826D-760DF0D01242}.Debug|Any CPU.ActiveCfg = Debug|Any CPU
		{05445BF5-706A-4849-826D-760DF0D01242}.Debug|Any CPU.Build.0 = Debug|Any CPU
		{05445BF5-706A-4849-826D-760DF0D01242}.Release|Any CPU.ActiveCfg = Release|Any CPU
		{05445BF5-706A-4849-826D-760DF0D01242}.Release|Any CPU.Build.0 = Release|Any CPU
	EndGlobalSection
	GlobalSection(SolutionProperties) = preSolution
		HideSolutionNode = FALSE
	EndGlobalSection
	GlobalSection(ExtensibilityGlobals) = postSolution
		SolutionGuid = {61F7FB11-1E47-470C-91E2-47F8143E1572}
	EndGlobalSection
EndGlobal
